
Microsoft Visual Studio Solution File, Format Version 12.00
# Visual Studio Version 17
VisualStudioVersion = 17.3.32922.545
MinimumVisualStudioVersion = 10.0.40219.1
Project("{FAE04EC0-301F-11D3-BF4B-00C04F79EFBC}") = "B040.Authentication", "B040.Authentication.csproj", "{1BAB0A25-3612-4903-94A4-E05B24F8F538}"
EndProject
Project("{F184B08F-C81C-45F6-A57F-5ABD9991F28F}") = "b040", "..\b040\b040.vbproj", "{B1EF1F5B-9F5A-484E-86D8-5E82DEBEBFB1}"
EndProject
Project("{FAE04EC0-301F-11D3-BF4B-00C04F79EFBC}") = "B040.Services", "..\b040.Services\B040.Services.csproj", "{972FB6FA-E680-4F65-BA7A-B651A5FABA0B}"
EndProject
Project("{FAE04EC0-301F-11D3-BF4B-00C04F79EFBC}") = "Mg.Services", "..\MG.Services\Mg.Services\Mg.Services.csproj", "{31D63065-20D4-47AC-8D6F-781E421ECC5C}"
EndProject
Global
	GlobalSection(SolutionConfigurationPlatforms) = preSolution
		Debug|Any CPU = Debug|Any CPU
		Debug|ARM64 = Debug|ARM64
		Debug|x64 = Debug|x64
		Debug|x86 = Debug|x86
		Release|Any CPU = Release|Any CPU
		Release|ARM64 = Release|ARM64
		Release|x64 = Release|x64
		Release|x86 = Release|x86
	EndGlobalSection
	GlobalSection(ProjectConfigurationPlatforms) = postSolution
		{1BAB0A25-3612-4903-94A4-E05B24F8F538}.Debug|Any CPU.ActiveCfg = Debug|Any CPU
		{1BAB0A25-3612-4903-94A4-E05B24F8F538}.Debug|Any CPU.Build.0 = Debug|Any CPU
		{1BAB0A25-3612-4903-94A4-E05B24F8F538}.Debug|ARM64.ActiveCfg = Debug|Any CPU
		{1BAB0A25-3612-4903-94A4-E05B24F8F538}.Debug|ARM64.Build.0 = Debug|Any CPU
		{1BAB0A25-3612-4903-94A4-E05B24F8F538}.Debug|x64.ActiveCfg = Debug|x64
		{1BAB0A25-3612-4903-94A4-E05B24F8F538}.Debug|x64.Build.0 = Debug|x64
		{1BAB0A25-3612-4903-94A4-E05B24F8F538}.Debug|x86.ActiveCfg = B040|x64
		{1BAB0A25-3612-4903-94A4-E05B24F8F538}.Debug|x86.Build.0 = B040|x64
		{1BAB0A25-3612-4903-94A4-E05B24F8F538}.Release|Any CPU.ActiveCfg = Release|Any CPU
		{1BAB0A25-3612-4903-94A4-E05B24F8F538}.Release|Any CPU.Build.0 = Release|Any CPU
		{1BAB0A25-3612-4903-94A4-E05B24F8F538}.Release|ARM64.ActiveCfg = Release|Any CPU
		{1BAB0A25-3612-4903-94A4-E05B24F8F538}.Release|ARM64.Build.0 = Release|Any CPU
		{1BAB0A25-3612-4903-94A4-E05B24F8F538}.Release|x64.ActiveCfg = Release|x64
		{1BAB0A25-3612-4903-94A4-E05B24F8F538}.Release|x64.Build.0 = Release|x64
		{1BAB0A25-3612-4903-94A4-E05B24F8F538}.Release|x86.ActiveCfg = Release|x64
		{1BAB0A25-3612-4903-94A4-E05B24F8F538}.Release|x86.Build.0 = Release|x64
		{B1EF1F5B-9F5A-484E-86D8-5E82DEBEBFB1}.Debug|Any CPU.ActiveCfg = Debug|Any CPU
		{B1EF1F5B-9F5A-484E-86D8-5E82DEBEBFB1}.Debug|Any CPU.Build.0 = Debug|Any CPU
		{B1EF1F5B-9F5A-484E-86D8-5E82DEBEBFB1}.Debug|ARM64.ActiveCfg = Debug|ARM64
		{B1EF1F5B-9F5A-484E-86D8-5E82DEBEBFB1}.Debug|ARM64.Build.0 = Debug|ARM64
		{B1EF1F5B-9F5A-484E-86D8-5E82DEBEBFB1}.Debug|x64.ActiveCfg = Debug|x64
		{B1EF1F5B-9F5A-484E-86D8-5E82DEBEBFB1}.Debug|x64.Build.0 = Debug|x64
		{B1EF1F5B-9F5A-484E-86D8-5E82DEBEBFB1}.Debug|x86.ActiveCfg = Debug|x86
		{B1EF1F5B-9F5A-484E-86D8-5E82DEBEBFB1}.Debug|x86.Build.0 = Debug|x86
		{B1EF1F5B-9F5A-484E-86D8-5E82DEBEBFB1}.Release|Any CPU.ActiveCfg = Release|Any CPU
		{B1EF1F5B-9F5A-484E-86D8-5E82DEBEBFB1}.Release|Any CPU.Build.0 = Release|Any CPU
		{B1EF1F5B-9F5A-484E-86D8-5E82DEBEBFB1}.Release|ARM64.ActiveCfg = Release|ARM64
		{B1EF1F5B-9F5A-484E-86D8-5E82DEBEBFB1}.Release|ARM64.Build.0 = Release|ARM64
		{B1EF1F5B-9F5A-484E-86D8-5E82DEBEBFB1}.Release|x64.ActiveCfg = Release|x64
		{B1EF1F5B-9F5A-484E-86D8-5E82DEBEBFB1}.Release|x64.Build.0 = Release|x64
		{B1EF1F5B-9F5A-484E-86D8-5E82DEBEBFB1}.Release|x86.ActiveCfg = Release|x86
		{B1EF1F5B-9F5A-484E-86D8-5E82DEBEBFB1}.Release|x86.Build.0 = Release|x86
		{972FB6FA-E680-4F65-BA7A-B651A5FABA0B}.Debug|Any CPU.ActiveCfg = Debug|Any CPU
		{972FB6FA-E680-4F65-BA7A-B651A5FABA0B}.Debug|Any CPU.Build.0 = Debug|Any CPU
		{972FB6FA-E680-4F65-BA7A-B651A5FABA0B}.Debug|ARM64.ActiveCfg = Debug|Any CPU
		{972FB6FA-E680-4F65-BA7A-B651A5FABA0B}.Debug|ARM64.Build.0 = Debug|Any CPU
		{972FB6FA-E680-4F65-BA7A-B651A5FABA0B}.Debug|x64.ActiveCfg = Debug|x64
		{972FB6FA-E680-4F65-BA7A-B651A5FABA0B}.Debug|x64.Build.0 = Debug|x64
		{972FB6FA-E680-4F65-BA7A-B651A5FABA0B}.Debug|x86.ActiveCfg = Debug|Any CPU
		{972FB6FA-E680-4F65-BA7A-B651A5FABA0B}.Debug|x86.Build.0 = Debug|Any CPU
		{972FB6FA-E680-4F65-BA7A-B651A5FABA0B}.Release|Any CPU.ActiveCfg = Release|Any CPU
		{972FB6FA-E680-4F65-BA7A-B651A5FABA0B}.Release|Any CPU.Build.0 = Release|Any CPU
		{972FB6FA-E680-4F65-BA7A-B651A5FABA0B}.Release|ARM64.ActiveCfg = Release|Any CPU
		{972FB6FA-E680-4F65-BA7A-B651A5FABA0B}.Release|ARM64.Build.0 = Release|Any CPU
		{972FB6FA-E680-4F65-BA7A-B651A5FABA0B}.Release|x64.ActiveCfg = Release|x64
		{972FB6FA-E680-4F65-BA7A-B651A5FABA0B}.Release|x64.Build.0 = Release|x64
		{972FB6FA-E680-4F65-BA7A-B651A5FABA0B}.Release|x86.ActiveCfg = Release|Any CPU
		{972FB6FA-E680-4F65-BA7A-B651A5FABA0B}.Release|x86.Build.0 = Release|Any CPU
		{31D63065-20D4-47AC-8D6F-781E421ECC5C}.Debug|Any CPU.ActiveCfg = Debug|Any CPU
		{31D63065-20D4-47AC-8D6F-781E421ECC5C}.Debug|Any CPU.Build.0 = Debug|Any CPU
		{31D63065-20D4-47AC-8D6F-781E421ECC5C}.Debug|ARM64.ActiveCfg = Debug|Any CPU
		{31D63065-20D4-47AC-8D6F-781E421ECC5C}.Debug|ARM64.Build.0 = Debug|Any CPU
		{31D63065-20D4-47AC-8D6F-781E421ECC5C}.Debug|x64.ActiveCfg = Debug|x64
		{31D63065-20D4-47AC-8D6F-781E421ECC5C}.Debug|x64.Build.0 = Debug|x64
		{31D63065-20D4-47AC-8D6F-781E421ECC5C}.Debug|x86.ActiveCfg = Debug|x86
		{31D63065-20D4-47AC-8D6F-781E421ECC5C}.Debug|x86.Build.0 = Debug|x86
		{31D63065-20D4-47AC-8D6F-781E421ECC5C}.Release|Any CPU.ActiveCfg = Release|Any CPU
		{31D63065-20D4-47AC-8D6F-781E421ECC5C}.Release|Any CPU.Build.0 = Release|Any CPU
		{31D63065-20D4-47AC-8D6F-781E421ECC5C}.Release|ARM64.ActiveCfg = Release|Any CPU
		{31D63065-20D4-47AC-8D6F-781E421ECC5C}.Release|ARM64.Build.0 = Release|Any CPU
		{31D63065-20D4-47AC-8D6F-781E421ECC5C}.Release|x64.ActiveCfg = Release|x64
		{31D63065-20D4-47AC-8D6F-781E421ECC5C}.Release|x64.Build.0 = Release|x64
		{31D63065-20D4-47AC-8D6F-781E421ECC5C}.Release|x86.ActiveCfg = Release|x86
		{31D63065-20D4-47AC-8D6F-781E421ECC5C}.Release|x86.Build.0 = Release|x86
	EndGlobalSection
	GlobalSection(SolutionProperties) = preSolution
		HideSolutionNode = FALSE
	EndGlobalSection
	GlobalSection(ExtensibilityGlobals) = postSolution
		SolutionGuid = {ED0F54F3-900C-487F-81C8-FB131573ED62}
	EndGlobalSection
EndGlobal
