
Microsoft Visual Studio Solution File, Format Version 12.00
# Visual Studio Version 17
VisualStudioVersion = 17.3.32922.545
MinimumVisualStudioVersion = 10.0.40219.1
Project("{FAE04EC0-301F-11D3-BF4B-00C04F79EFBC}") = "B040.Authentication", "B040.Authentication.csproj", "{1BAB0A25-3612-4903-94A4-E05B24F8F538}"
EndProject
Project("{FAE04EC0-301F-11D3-BF4B-00C04F79EFBC}") = "B040.Authentication.Test", "..\B040.Autthentication\B040.Authentication.Test\B040.Authentication.Test.csproj", "{D129678E-4AA7-4B79-8286-4929626BDF25}"
EndProject
Global
	GlobalSection(SolutionConfigurationPlatforms) = preSolution
		Debug|Any CPU = Debug|Any CPU
		Release|Any CPU = Release|Any CPU
	EndGlobalSection
	GlobalSection(ProjectConfigurationPlatforms) = postSolution
		{1BAB0A25-3612-4903-94A4-E05B24F8F538}.Debug|Any CPU.ActiveCfg = Debug|Any CPU
		{1BAB0A25-3612-4903-94A4-E05B24F8F538}.Debug|Any CPU.Build.0 = Debug|Any CPU
		{1BAB0A25-3612-4903-94A4-E05B24F8F538}.Release|Any CPU.ActiveCfg = Release|Any CPU
		{1BAB0A25-3612-4903-94A4-E05B24F8F538}.Release|Any CPU.Build.0 = Release|Any CPU
		{D129678E-4AA7-4B79-8286-4929626BDF25}.Debug|Any CPU.ActiveCfg = Debug|Any CPU
		{D129678E-4AA7-4B79-8286-4929626BDF25}.Debug|Any CPU.Build.0 = Debug|Any CPU
		{D129678E-4AA7-4B79-8286-4929626BDF25}.Release|Any CPU.ActiveCfg = Release|Any CPU
		{D129678E-4AA7-4B79-8286-4929626BDF25}.Release|Any CPU.Build.0 = Release|Any CPU
	EndGlobalSection
	GlobalSection(SolutionProperties) = preSolution
		HideSolutionNode = FALSE
	EndGlobalSection
	GlobalSection(ExtensibilityGlobals) = postSolution
		SolutionGuid = {ED0F54F3-900C-487F-81C8-FB131573ED62}
	EndGlobalSection
EndGlobal
